// !$*UTF8*$!
{
	archiveVersion = 1;
	classes = {
	};
	objectVersion = 46;
	objects = {

/* Begin PBXBuildFile section */
		6E829B251EB79DD600C6D8F7 /* AppDelegate.swift in Sources */ = {isa = PBXBuildFile; fileRef = 6E829B241EB79DD600C6D8F7 /* AppDelegate.swift */; };
		6E829B2A1EB79DD600C6D8F7 /* Main.storyboard in Resources */ = {isa = PBXBuildFile; fileRef = 6E829B281EB79DD600C6D8F7 /* Main.storyboard */; };
		6E829B2C1EB79DD600C6D8F7 /* Assets.xcassets in Resources */ = {isa = PBXBuildFile; fileRef = 6E829B2B1EB79DD600C6D8F7 /* Assets.xcassets */; };
		6E829B2F1EB79DD600C6D8F7 /* LaunchScreen.storyboard in Resources */ = {isa = PBXBuildFile; fileRef = 6E829B2D1EB79DD600C6D8F7 /* LaunchScreen.storyboard */; };
		6E829B371EB888BE00C6D8F7 /* RootViewController.swift in Sources */ = {isa = PBXBuildFile; fileRef = 6E829B361EB888BE00C6D8F7 /* RootViewController.swift */; };
		6E829B391EB8893F00C6D8F7 /* DeviceCell.swift in Sources */ = {isa = PBXBuildFile; fileRef = 6E829B381EB8893F00C6D8F7 /* DeviceCell.swift */; };
		6E829B3B1EB8898800C6D8F7 /* CentralManager.swift in Sources */ = {isa = PBXBuildFile; fileRef = 6E829B3A1EB8898800C6D8F7 /* CentralManager.swift */; };
		6EFF1ECA1EBB6916004405B2 /* ServiceCell.swift in Sources */ = {isa = PBXBuildFile; fileRef = 6EFF1EC91EBB6915004405B2 /* ServiceCell.swift */; };
		6EFF1ECC1EBB6931004405B2 /* CharacteristicCell.swift in Sources */ = {isa = PBXBuildFile; fileRef = 6EFF1ECB1EBB6931004405B2 /* CharacteristicCell.swift */; };
		6EFF1ECE1EBB6984004405B2 /* DeviceDetailViewController.swift in Sources */ = {isa = PBXBuildFile; fileRef = 6EFF1ECD1EBB6984004405B2 /* DeviceDetailViewController.swift */; };
/* End PBXBuildFile section */

/* Begin PBXFileReference section */
		6E829B211EB79DD600C6D8F7 /* BLECentral.app */ = {isa = PBXFileReference; explicitFileType = wrapper.application; includeInIndex = 0; path = BLECentral.app; sourceTree = BUILT_PRODUCTS_DIR; };
		6E829B241EB79DD600C6D8F7 /* AppDelegate.swift */ = {isa = PBXFileReference; lastKnownFileType = sourcecode.swift; path = AppDelegate.swift; sourceTree = "<group>"; };
		6E829B291EB79DD600C6D8F7 /* Base */ = {isa = PBXFileReference; lastKnownFileType = file.storyboard; name = Base; path = Base.lproj/Main.storyboard; sourceTree = "<group>"; };
		6E829B2B1EB79DD600C6D8F7 /* Assets.xcassets */ = {isa = PBXFileReference; lastKnownFileType = folder.assetcatalog; path = Assets.xcassets; sourceTree = "<group>"; };
		6E829B2E1EB79DD600C6D8F7 /* Base */ = {isa = PBXFileReference; lastKnownFileType = file.storyboard; name = Base; path = Base.lproj/LaunchScreen.storyboard; sourceTree = "<group>"; };
		6E829B301EB79DD600C6D8F7 /* Info.plist */ = {isa = PBXFileReference; lastKnownFileType = text.plist.xml; path = Info.plist; sourceTree = "<group>"; };
		6E829B361EB888BE00C6D8F7 /* RootViewController.swift */ = {isa = PBXFileReference; fileEncoding = 4; lastKnownFileType = sourcecode.swift; path = RootViewController.swift; sourceTree = "<group>"; };
		6E829B381EB8893F00C6D8F7 /* DeviceCell.swift */ = {isa = PBXFileReference; fileEncoding = 4; lastKnownFileType = sourcecode.swift; path = DeviceCell.swift; sourceTree = "<group>"; };
		6E829B3A1EB8898800C6D8F7 /* CentralManager.swift */ = {isa = PBXFileReference; fileEncoding = 4; lastKnownFileType = sourcecode.swift; path = CentralManager.swift; sourceTree = "<group>"; };
		6EFF1EC91EBB6915004405B2 /* ServiceCell.swift */ = {isa = PBXFileReference; fileEncoding = 4; lastKnownFileType = sourcecode.swift; path = ServiceCell.swift; sourceTree = "<group>"; };
		6EFF1ECB1EBB6931004405B2 /* CharacteristicCell.swift */ = {isa = PBXFileReference; fileEncoding = 4; lastKnownFileType = sourcecode.swift; path = CharacteristicCell.swift; sourceTree = "<group>"; };
		6EFF1ECD1EBB6984004405B2 /* DeviceDetailViewController.swift */ = {isa = PBXFileReference; fileEncoding = 4; lastKnownFileType = sourcecode.swift; path = DeviceDetailViewController.swift; sourceTree = "<group>"; };
/* End PBXFileReference section */

/* Begin PBXFrameworksBuildPhase section */
		6E829B1E1EB79DD600C6D8F7 /* Frameworks */ = {
			isa = PBXFrameworksBuildPhase;
			buildActionMask = 2147483647;
			files = (
			);
			runOnlyForDeploymentPostprocessing = 0;
		};
/* End PBXFrameworksBuildPhase section */

/* Begin PBXGroup section */
		6E829B181EB79DD600C6D8F7 = {
			isa = PBXGroup;
			children = (
				6E829B231EB79DD600C6D8F7 /* BLECentral */,
				6E829B221EB79DD600C6D8F7 /* Products */,
			);
			sourceTree = "<group>";
		};
		6E829B221EB79DD600C6D8F7 /* Products */ = {
			isa = PBXGroup;
			children = (
				6E829B211EB79DD600C6D8F7 /* BLECentral.app */,
			);
			name = Products;
			sourceTree = "<group>";
		};
		6E829B231EB79DD600C6D8F7 /* BLECentral */ = {
			isa = PBXGroup;
			children = (
				6E829B241EB79DD600C6D8F7 /* AppDelegate.swift */,
				6E829B3A1EB8898800C6D8F7 /* CentralManager.swift */,
				6E829B361EB888BE00C6D8F7 /* RootViewController.swift */,
				6EFF1ECD1EBB6984004405B2 /* DeviceDetailViewController.swift */,
				6EFF1EC91EBB6915004405B2 /* ServiceCell.swift */,
				6EFF1ECB1EBB6931004405B2 /* CharacteristicCell.swift */,
				6E829B381EB8893F00C6D8F7 /* DeviceCell.swift */,
				6E829B281EB79DD600C6D8F7 /* Main.storyboard */,
				6E829B2B1EB79DD600C6D8F7 /* Assets.xcassets */,
				6E829B2D1EB79DD600C6D8F7 /* LaunchScreen.storyboard */,
				6E829B301EB79DD600C6D8F7 /* Info.plist */,
			);
			path = BLECentral;
			sourceTree = "<group>";
		};
/* End PBXGroup section */

/* Begin PBXNativeTarget section */
		6E829B201EB79DD600C6D8F7 /* BLECentral */ = {
			isa = PBXNativeTarget;
			buildConfigurationList = 6E829B331EB79DD600C6D8F7 /* Build configuration list for PBXNativeTarget "BLECentral" */;
			buildPhases = (
				6E829B1D1EB79DD600C6D8F7 /* Sources */,
				6E829B1E1EB79DD600C6D8F7 /* Frameworks */,
				6E829B1F1EB79DD600C6D8F7 /* Resources */,
			);
			buildRules = (
			);
			dependencies = (
			);
			name = BLECentral;
			productName = BLECentral;
			productReference = 6E829B211EB79DD600C6D8F7 /* BLECentral.app */;
			productType = "com.apple.product-type.application";
		};
/* End PBXNativeTarget section */

/* Begin PBXProject section */
		6E829B191EB79DD600C6D8F7 /* Project object */ = {
			isa = PBXProject;
			attributes = {
				LastSwiftUpdateCheck = 0820;
				LastUpgradeCheck = 0820;
				ORGANIZATIONNAME = "Chisato Matsuzaki";
				TargetAttributes = {
					6E829B201EB79DD600C6D8F7 = {
						CreatedOnToolsVersion = 8.2.1;
						DevelopmentTeam = UCX5RAT7F4;
						ProvisioningStyle = Automatic;
					};
				};
			};
			buildConfigurationList = 6E829B1C1EB79DD600C6D8F7 /* Build configuration list for PBXProject "BLECentral" */;
			compatibilityVersion = "Xcode 3.2";
			developmentRegion = English;
			hasScannedForEncodings = 0;
			knownRegions = (
				en,
				Base,
			);
			mainGroup = 6E829B181EB79DD600C6D8F7;
			productRefGroup = 6E829B221EB79DD600C6D8F7 /* Products */;
			projectDirPath = "";
			projectRoot = "";
			targets = (
				6E829B201EB79DD600C6D8F7 /* BLECentral */,
			);
		};
/* End PBXProject section */

/* Begin PBXResourcesBuildPhase section */
		6E829B1F1EB79DD600C6D8F7 /* Resources */ = {
			isa = PBXResourcesBuildPhase;
			buildActionMask = 2147483647;
			files = (
				6E829B2F1EB79DD600C6D8F7 /* LaunchScreen.storyboard in Resources */,
				6E829B2C1EB79DD600C6D8F7 /* Assets.xcassets in Resources */,
				6E829B2A1EB79DD600C6D8F7 /* Main.storyboard in Resources */,
			);
			runOnlyForDeploymentPostprocessing = 0;
		};
/* End PBXResourcesBuildPhase section */

/* Begin PBXSourcesBuildPhase section */
		6E829B1D1EB79DD600C6D8F7 /* Sources */ = {
			isa = PBXSourcesBuildPhase;
			buildActionMask = 2147483647;
			files = (
				6EFF1ECC1EBB6931004405B2 /* CharacteristicCell.swift in Sources */,
				6EFF1ECE1EBB6984004405B2 /* DeviceDetailViewController.swift in Sources */,
				6E829B251EB79DD600C6D8F7 /* AppDelegate.swift in Sources */,
				6E829B371EB888BE00C6D8F7 /* RootViewController.swift in Sources */,
				6EFF1ECA1EBB6916004405B2 /* ServiceCell.swift in Sources */,
				6E829B391EB8893F00C6D8F7 /* DeviceCell.swift in Sources */,
				6E829B3B1EB8898800C6D8F7 /* CentralManager.swift in Sources */,
			);
			runOnlyForDeploymentPostprocessing = 0;
		};
/* End PBXSourcesBuildPhase section */

/* Begin PBXVariantGroup section */
		6E829B281EB79DD600C6D8F7 /* Main.storyboard */ = {
			isa = PBXVariantGroup;
			children = (
				6E829B291EB79DD600C6D8F7 /* Base */,
			);
			name = Main.storyboard;
			sourceTree = "<group>";
		};
		6E829B2D1EB79DD600C6D8F7 /* LaunchScreen.storyboard */ = {
			isa = PBXVariantGroup;
			children = (
				6E829B2E1EB79DD600C6D8F7 /* Base */,
			);
			name = LaunchScreen.storyboard;
			sourceTree = "<group>";
		};
/* End PBXVariantGroup section */

/* Begin XCBuildConfiguration section */
		6E829B311EB79DD600C6D8F7 /* Debug */ = {
			isa = XCBuildConfiguration;
			buildSettings = {
				ALWAYS_SEARCH_USER_PATHS = NO;
				CLANG_ANALYZER_NONNULL = YES;
				CLANG_CXX_LANGUAGE_STANDARD = "gnu++0x";
				CLANG_CXX_LIBRARY = "libc++";
				CLANG_ENABLE_MODULES = YES;
				CLANG_ENABLE_OBJC_ARC = YES;
				CLANG_WARN_BOOL_CONVERSION = YES;
				CLANG_WARN_CONSTANT_CONVERSION = YES;
				CLANG_WARN_DIRECT_OBJC_ISA_USAGE = YES_ERROR;
				CLANG_WARN_DOCUMENTATION_COMMENTS = YES;
				CLANG_WARN_EMPTY_BODY = YES;
				CLANG_WARN_ENUM_CONVERSION = YES;
				CLANG_WARN_INFINITE_RECURSION = YES;
				CLANG_WARN_INT_CONVERSION = YES;
				CLANG_WARN_OBJC_ROOT_CLASS = YES_ERROR;
				CLANG_WARN_SUSPICIOUS_MOVE = YES;
				CLANG_WARN_UNREACHABLE_CODE = YES;
				CLANG_WARN__DUPLICATE_METHOD_MATCH = YES;
				"CODE_SIGN_IDENTITY[sdk=iphoneos*]" = "iPhone Developer";
				COPY_PHASE_STRIP = NO;
				DEBUG_INFORMATION_FORMAT = dwarf;
				ENABLE_STRICT_OBJC_MSGSEND = YES;
				ENABLE_TESTABILITY = YES;
				GCC_C_LANGUAGE_STANDARD = gnu99;
				GCC_DYNAMIC_NO_PIC = NO;
				GCC_NO_COMMON_BLOCKS = YES;
				GCC_OPTIMIZATION_LEVEL = 0;
				GCC_PREPROCESSOR_DEFINITIONS = (
					"DEBUG=1",
					"$(inherited)",
				);
				GCC_WARN_64_TO_32_BIT_CONVERSION = YES;
				GCC_WARN_ABOUT_RETURN_TYPE = YES_ERROR;
				GCC_WARN_UNDECLARED_SELECTOR = YES;
				GCC_WARN_UNINITIALIZED_AUTOS = YES_AGGRESSIVE;
				GCC_WARN_UNUSED_FUNCTION = YES;
				GCC_WARN_UNUSED_VARIABLE = YES;
				IPHONEOS_DEPLOYMENT_TARGET = 10.2;
				MTL_ENABLE_DEBUG_INFO = YES;
				ONLY_ACTIVE_ARCH = YES;
				SDKROOT = iphoneos;
				SWIFT_ACTIVE_COMPILATION_CONDITIONS = DEBUG;
				SWIFT_OPTIMIZATION_LEVEL = "-Onone";
			};
			name = Debug;
		};
		6E829B321EB79DD600C6D8F7 /* Release */ = {
			isa = XCBuildConfiguration;
			buildSettings = {
				ALWAYS_SEARCH_USER_PATHS = NO;
				CLANG_ANALYZER_NONNULL = YES;
				CLANG_CXX_LANGUAGE_STANDARD = "gnu++0x";
				CLANG_CXX_LIBRARY = "libc++";
				CLANG_ENABLE_MODULES = YES;
				CLANG_ENABLE_OBJC_ARC = YES;
				CLANG_WARN_BOOL_CONVERSION = YES;
				CLANG_WARN_CONSTANT_CONVERSION = YES;
				CLANG_WARN_DIRECT_OBJC_ISA_USAGE = YES_ERROR;
				CLANG_WARN_DOCUMENTATION_COMMENTS = YES;
				CLANG_WARN_EMPTY_BODY = YES;
				CLANG_WARN_ENUM_CONVERSION = YES;
				CLANG_WARN_INFINITE_RECURSION = YES;
				CLANG_WARN_INT_CONVERSION = YES;
				CLANG_WARN_OBJC_ROOT_CLASS = YES_ERROR;
				CLANG_WARN_SUSPICIOUS_MOVE = YES;
				CLANG_WARN_UNREACHABLE_CODE = YES;
				CLANG_WARN__DUPLICATE_METHOD_MATCH = YES;
				"CODE_SIGN_IDENTITY[sdk=iphoneos*]" = "iPhone Developer";
				COPY_PHASE_STRIP = NO;
				DEBUG_INFORMATION_FORMAT = "dwarf-with-dsym";
				ENABLE_NS_ASSERTIONS = NO;
				ENABLE_STRICT_OBJC_MSGSEND = YES;
				GCC_C_LANGUAGE_STANDARD = gnu99;
				GCC_NO_COMMON_BLOCKS = YES;
				GCC_WARN_64_TO_32_BIT_CONVERSION = YES;
				GCC_WARN_ABOUT_RETURN_TYPE = YES_ERROR;
				GCC_WARN_UNDECLARED_SELECTOR = YES;
				GCC_WARN_UNINITIALIZED_AUTOS = YES_AGGRESSIVE;
				GCC_WARN_UNUSED_FUNCTION = YES;
				GCC_WARN_UNUSED_VARIABLE = YES;
				IPHONEOS_DEPLOYMENT_TARGET = 10.2;
				MTL_ENABLE_DEBUG_INFO = NO;
				SDKROOT = iphoneos;
				SWIFT_OPTIMIZATION_LEVEL = "-Owholemodule";
				VALIDATE_PRODUCT = YES;
			};
			name = Release;
		};
		6E829B341EB79DD600C6D8F7 /* Debug */ = {
			isa = XCBuildConfiguration;
			buildSettings = {
				ASSETCATALOG_COMPILER_APPICON_NAME = AppIcon;
				DEVELOPMENT_TEAM = UCX5RAT7F4;
				INFOPLIST_FILE = BLECentral/Info.plist;
				IPHONEOS_DEPLOYMENT_TARGET = 8.1;
				LD_RUNPATH_SEARCH_PATHS = "$(inherited) @executable_path/Frameworks";
				PRODUCT_BUNDLE_IDENTIFIER = club.enchantedworks.BLECentral;
				PRODUCT_NAME = "$(TARGET_NAME)";
				SWIFT_VERSION = 3.0;
			};
			name = Debug;
		};
		6E829B351EB79DD600C6D8F7 /* Release */ = {
			isa = XCBuildConfiguration;
			buildSettings = {
				ASSETCATALOG_COMPILER_APPICON_NAME = AppIcon;
				DEVELOPMENT_TEAM = UCX5RAT7F4;
				INFOPLIST_FILE = BLECentral/Info.plist;
				IPHONEOS_DEPLOYMENT_TARGET = 8.1;
				LD_RUNPATH_SEARCH_PATHS = "$(inherited) @executable_path/Frameworks";
				PRODUCT_BUNDLE_IDENTIFIER = club.enchantedworks.BLECentral;
				PRODUCT_NAME = "$(TARGET_NAME)";
				SWIFT_VERSION = 3.0;
			};
			name = Release;
		};
/* End XCBuildConfiguration section */

/* Begin XCConfigurationList section */
		6E829B1C1EB79DD600C6D8F7 /* Build configuration list for PBXProject "BLECentral" */ = {
			isa = XCConfigurationList;
			buildConfigurations = (
				6E829B311EB79DD600C6D8F7 /* Debug */,
				6E829B321EB79DD600C6D8F7 /* Release */,
			);
			defaultConfigurationIsVisible = 0;
			defaultConfigurationName = Release;
		};
		6E829B331EB79DD600C6D8F7 /* Build configuration list for PBXNativeTarget "BLECentral" */ = {
			isa = XCConfigurationList;
			buildConfigurations = (
				6E829B341EB79DD600C6D8F7 /* Debug */,
				6E829B351EB79DD600C6D8F7 /* Release */,
			);
			defaultConfigurationIsVisible = 0;
			defaultConfigurationName = Release;
		};
/* End XCConfigurationList section */
	};
	rootObject = 6E829B191EB79DD600C6D8F7 /* Project object */;
}
